
Microsoft Visual Studio Solution File, Format Version 12.00
# Visual Studio Version 17
VisualStudioVersion = 17.7.34024.191
MinimumVisualStudioVersion = 10.0.40219.1
Project("{FAE04EC0-301F-11D3-BF4B-00C04F79EFBC}") = "td1", "td1\td1.csproj", "{340C170B-C3DB-4902-BB07-9801F894EB78}"
EndProject
Global
	GlobalSection(SolutionConfigurationPlatforms) = preSolution
		Debug|Any CPU = Debug|Any CPU
		Release|Any CPU = Release|Any CPU
	EndGlobalSection
	GlobalSection(ProjectConfigurationPlatforms) = postSolution
		{340C170B-C3DB-4902-BB07-9801F894EB78}.Debug|Any CPU.ActiveCfg = Debug|Any CPU
		{340C170B-C3DB-4902-BB07-9801F894EB78}.Debug|Any CPU.Build.0 = Debug|Any CPU
		{340C170B-C3DB-4902-BB07-9801F894EB78}.Release|Any CPU.ActiveCfg = Release|Any CPU
		{340C170B-C3DB-4902-BB07-9801F894EB78}.Release|Any CPU.Build.0 = Release|Any CPU
	EndGlobalSection
	GlobalSection(SolutionProperties) = preSolution
		HideSolutionNode = FALSE
	EndGlobalSection
	GlobalSection(ExtensibilityGlobals) = postSolution
		SolutionGuid = {FED5AFFC-0F37-4E3C-8191-EA2D0BC5A9BB}
	EndGlobalSection
EndGlobal
